
Microsoft Visual Studio Solution File, Format Version 12.00
# Visual Studio Version 17
VisualStudioVersion = 17.0.31903.59
MinimumVisualStudioVersion = 10.0.40219.1
Project("{FAE04EC0-301F-11D3-BF4B-00C04F79EFBC}") = "CommandLineInterface", "CommandLineInterface\CommandLineInterface.csproj", "{C1FA057B-5202-4412-B653-74A277AD39E1}"
EndProject
Project("{FAE04EC0-301F-11D3-BF4B-00C04F79EFBC}") = "GSharpCompiler", "GSharpCompiler\GSharpCompiler.csproj", "{6E0C7EE7-8C56-4CC8-B22E-1A41C9FE377E}"
EndProject
Global
	GlobalSection(SolutionConfigurationPlatforms) = preSolution
		Debug|Any CPU = Debug|Any CPU
		Release|Any CPU = Release|Any CPU
	EndGlobalSection
	GlobalSection(SolutionProperties) = preSolution
		HideSolutionNode = FALSE
	EndGlobalSection
	GlobalSection(ProjectConfigurationPlatforms) = postSolution
		{C1FA057B-5202-4412-B653-74A277AD39E1}.Debug|Any CPU.ActiveCfg = Debug|Any CPU
		{C1FA057B-5202-4412-B653-74A277AD39E1}.Debug|Any CPU.Build.0 = Debug|Any CPU
		{C1FA057B-5202-4412-B653-74A277AD39E1}.Release|Any CPU.ActiveCfg = Release|Any CPU
		{C1FA057B-5202-4412-B653-74A277AD39E1}.Release|Any CPU.Build.0 = Release|Any CPU
		{6E0C7EE7-8C56-4CC8-B22E-1A41C9FE377E}.Debug|Any CPU.ActiveCfg = Debug|Any CPU
		{6E0C7EE7-8C56-4CC8-B22E-1A41C9FE377E}.Debug|Any CPU.Build.0 = Debug|Any CPU
		{6E0C7EE7-8C56-4CC8-B22E-1A41C9FE377E}.Release|Any CPU.ActiveCfg = Release|Any CPU
		{6E0C7EE7-8C56-4CC8-B22E-1A41C9FE377E}.Release|Any CPU.Build.0 = Release|Any CPU
	EndGlobalSection
EndGlobal
